
Microsoft Visual Studio Solution File, Format Version 12.00
# Visual Studio 15
VisualStudioVersion = 15.0.28307.1401
MinimumVisualStudioVersion = 10.0.40219.1
Project("{FAE04EC0-301F-11D3-BF4B-00C04F79EFBC}") = "QueryPopSSMS", "QueryPopSSMS.csproj", "{3CDF4F3B-68B9-4BFA-A322-7CCCC1D31DA2}"
EndProject
Global
	GlobalSection(SolutionConfigurationPlatforms) = preSolution
		Debug|Any CPU = Debug|Any CPU
		Release|Any CPU = Release|Any CPU
	EndGlobalSection
	GlobalSection(ProjectConfigurationPlatforms) = postSolution
		{3CDF4F3B-68B9-4BFA-A322-7CCCC1D31DA2}.Debug|Any CPU.ActiveCfg = Debug|Any CPU
		{3CDF4F3B-68B9-4BFA-A322-7CCCC1D31DA2}.Debug|Any CPU.Build.0 = Debug|Any CPU
		{3CDF4F3B-68B9-4BFA-A322-7CCCC1D31DA2}.Release|Any CPU.ActiveCfg = Release|Any CPU
		{3CDF4F3B-68B9-4BFA-A322-7CCCC1D31DA2}.Release|Any CPU.Build.0 = Release|Any CPU
	EndGlobalSection
	GlobalSection(SolutionProperties) = preSolution
		HideSolutionNode = FALSE
	EndGlobalSection
	GlobalSection(ExtensibilityGlobals) = postSolution
		SolutionGuid = {BCE7BD63-6FB5-4671-A69D-A1CB6212CC12}
	EndGlobalSection
EndGlobal
